
Microsoft Visual Studio Solution File, Format Version 12.00
# Visual Studio Version 17
VisualStudioVersion = 17.3.32929.385
MinimumVisualStudioVersion = 10.0.40219.1
Project("{9A19103F-16F7-4668-BE54-9A1E7A4F7556}") = "Heretic.Core", "Heretic.Core\Heretic.Core.csproj", "{B176610F-46A3-4D7F-A810-AC5A0E659FFA}"
EndProject
Global
	GlobalSection(SolutionConfigurationPlatforms) = preSolution
		Debug|Any CPU = Debug|Any CPU
		Release|Any CPU = Release|Any CPU
	EndGlobalSection
	GlobalSection(ProjectConfigurationPlatforms) = postSolution
		{B176610F-46A3-4D7F-A810-AC5A0E659FFA}.Debug|Any CPU.ActiveCfg = Debug|Any CPU
		{B176610F-46A3-4D7F-A810-AC5A0E659FFA}.Debug|Any CPU.Build.0 = Debug|Any CPU
		{B176610F-46A3-4D7F-A810-AC5A0E659FFA}.Release|Any CPU.ActiveCfg = Release|Any CPU
		{B176610F-46A3-4D7F-A810-AC5A0E659FFA}.Release|Any CPU.Build.0 = Release|Any CPU
	EndGlobalSection
	GlobalSection(SolutionProperties) = preSolution
		HideSolutionNode = FALSE
	EndGlobalSection
	GlobalSection(ExtensibilityGlobals) = postSolution
		SolutionGuid = {8218FBF2-3207-4343-B2AB-335F7E86C59B}
	EndGlobalSection
EndGlobal
